
Microsoft Visual Studio Solution File, Format Version 12.00
# Visual Studio Version 17
VisualStudioVersion = 17.5.33530.505
MinimumVisualStudioVersion = 10.0.40219.1
Project("{FAE04EC0-301F-11D3-BF4B-00C04F79EFBC}") = "IS_LAB8_JWT_WF", "IS_LAB8_JWT_WF.csproj", "{182BDCA2-B3E9-45EB-B6F0-8A35C310B72E}"
EndProject
Global
	GlobalSection(SolutionConfigurationPlatforms) = preSolution
		Debug|Any CPU = Debug|Any CPU
		Release|Any CPU = Release|Any CPU
	EndGlobalSection
	GlobalSection(ProjectConfigurationPlatforms) = postSolution
		{182BDCA2-B3E9-45EB-B6F0-8A35C310B72E}.Debug|Any CPU.ActiveCfg = Debug|Any CPU
		{182BDCA2-B3E9-45EB-B6F0-8A35C310B72E}.Debug|Any CPU.Build.0 = Debug|Any CPU
		{182BDCA2-B3E9-45EB-B6F0-8A35C310B72E}.Release|Any CPU.ActiveCfg = Release|Any CPU
		{182BDCA2-B3E9-45EB-B6F0-8A35C310B72E}.Release|Any CPU.Build.0 = Release|Any CPU
	EndGlobalSection
	GlobalSection(SolutionProperties) = preSolution
		HideSolutionNode = FALSE
	EndGlobalSection
	GlobalSection(ExtensibilityGlobals) = postSolution
		SolutionGuid = {DAB8B7E0-ABFE-4FD4-BE3D-A8443675A4A8}
	EndGlobalSection
EndGlobal
